
Microsoft Visual Studio Solution File, Format Version 12.00
# Visual Studio 14
VisualStudioVersion = 14.0.25420.1
MinimumVisualStudioVersion = 10.0.40219.1
Project("{FAE04EC0-301F-11D3-BF4B-00C04F79EFBC}") = "WhoCallsFi", "WhoCallsFi\WhoCallsFi.csproj", "{49553D7D-610F-4493-89B0-1CCB357BF965}"
EndProject
Project("{FAE04EC0-301F-11D3-BF4B-00C04F79EFBC}") = "VSIXStringLiteralsExtension", "..\VSIXStringLiteralsExtension\VSIXStringLiteralsExtension\VSIXStringLiteralsExtension.csproj", "{7DDF9C96-E1A8-479D-8FB7-08EA8AF5786C}"
EndProject
Global
	GlobalSection(SolutionConfigurationPlatforms) = preSolution
		Debug|Any CPU = Debug|Any CPU
		Release|Any CPU = Release|Any CPU
	EndGlobalSection
	GlobalSection(ProjectConfigurationPlatforms) = postSolution
		{49553D7D-610F-4493-89B0-1CCB357BF965}.Debug|Any CPU.ActiveCfg = Debug|Any CPU
		{49553D7D-610F-4493-89B0-1CCB357BF965}.Debug|Any CPU.Build.0 = Debug|Any CPU
		{49553D7D-610F-4493-89B0-1CCB357BF965}.Debug|Any CPU.Deploy.0 = Debug|Any CPU
		{49553D7D-610F-4493-89B0-1CCB357BF965}.Release|Any CPU.ActiveCfg = Release|Any CPU
		{49553D7D-610F-4493-89B0-1CCB357BF965}.Release|Any CPU.Build.0 = Release|Any CPU
		{49553D7D-610F-4493-89B0-1CCB357BF965}.Release|Any CPU.Deploy.0 = Release|Any CPU
		{7DDF9C96-E1A8-479D-8FB7-08EA8AF5786C}.Debug|Any CPU.ActiveCfg = Debug|Any CPU
		{7DDF9C96-E1A8-479D-8FB7-08EA8AF5786C}.Debug|Any CPU.Build.0 = Debug|Any CPU
		{7DDF9C96-E1A8-479D-8FB7-08EA8AF5786C}.Release|Any CPU.ActiveCfg = Release|Any CPU
		{7DDF9C96-E1A8-479D-8FB7-08EA8AF5786C}.Release|Any CPU.Build.0 = Release|Any CPU
	EndGlobalSection
	GlobalSection(SolutionProperties) = preSolution
		HideSolutionNode = FALSE
	EndGlobalSection
EndGlobal
